// !$*UTF8*$!
{
	archiveVersion = 1;
	classes = {
	};
	objectVersion = 46;
	objects = {

/* Begin PBXBuildFile section */
		AC6602DF1F017E3A00056585 /* main.m in Sources */ = {isa = PBXBuildFile; fileRef = AC6602DE1F017E3A00056585 /* main.m */; };
		AC6602E21F017E3A00056585 /* AppDelegate.m in Sources */ = {isa = PBXBuildFile; fileRef = AC6602E11F017E3A00056585 /* AppDelegate.m */; };
		AC6602E51F017E3A00056585 /* InitialViewController.m in Sources */ = {isa = PBXBuildFile; fileRef = AC6602E41F017E3A00056585 /* InitialViewController.m */; };
		AC6602E81F017E3A00056585 /* Main.storyboard in Resources */ = {isa = PBXBuildFile; fileRef = AC6602E61F017E3A00056585 /* Main.storyboard */; };
		AC6602EA1F017E3A00056585 /* Assets.xcassets in Resources */ = {isa = PBXBuildFile; fileRef = AC6602E91F017E3A00056585 /* Assets.xcassets */; };
		AC6602ED1F017E3A00056585 /* LaunchScreen.storyboard in Resources */ = {isa = PBXBuildFile; fileRef = AC6602EB1F017E3A00056585 /* LaunchScreen.storyboard */; };
		AC6602F71F01945A00056585 /* NVLHaloApi.m in Sources */ = {isa = PBXBuildFile; fileRef = AC6602F61F01945A00056585 /* NVLHaloApi.m */; };
		AC6602FA1F019B5D00056585 /* AFNetworking.framework in Frameworks */ = {isa = PBXBuildFile; fileRef = AC6602F91F019B5D00056585 /* AFNetworking.framework */; };
		AC6602FF1F02100700056585 /* SetupViewController.m in Sources */ = {isa = PBXBuildFile; fileRef = AC6602FE1F02100700056585 /* SetupViewController.m */; };
		AC6603031F02113A00056585 /* NVLGamertag.m in Sources */ = {isa = PBXBuildFile; fileRef = AC6603021F02113A00056585 /* NVLGamertag.m */; };
		AC6603061F02C7F000056585 /* HomeViewController.m in Sources */ = {isa = PBXBuildFile; fileRef = AC6603051F02C7F000056585 /* HomeViewController.m */; };
		AC6603091F02C84A00056585 /* ProfileViewController.m in Sources */ = {isa = PBXBuildFile; fileRef = AC6603081F02C84A00056585 /* ProfileViewController.m */; };
		AC66030C1F02C87000056585 /* SearchViewController.m in Sources */ = {isa = PBXBuildFile; fileRef = AC66030B1F02C87000056585 /* SearchViewController.m */; };
		AC66030F1F02CA0900056585 /* NVLXboxLiveAPI.m in Sources */ = {isa = PBXBuildFile; fileRef = AC66030E1F02CA0900056585 /* NVLXboxLiveAPI.m */; };
		AC6603141F02F26200056585 /* HomeFeedDataSource.m in Sources */ = {isa = PBXBuildFile; fileRef = AC6603131F02F26200056585 /* HomeFeedDataSource.m */; };
		AC6603171F02F27A00056585 /* GamerDataSource.m in Sources */ = {isa = PBXBuildFile; fileRef = AC6603161F02F27A00056585 /* GamerDataSource.m */; };
		AC66031A1F02F9AF00056585 /* MapDataSource.m in Sources */ = {isa = PBXBuildFile; fileRef = AC6603191F02F9AE00056585 /* MapDataSource.m */; };
		AC66031D1F02FA0C00056585 /* NVLHaloMap.m in Sources */ = {isa = PBXBuildFile; fileRef = AC66031C1F02FA0C00056585 /* NVLHaloMap.m */; };
		AC6603211F0344E900056585 /* NVLHaloMatch.m in Sources */ = {isa = PBXBuildFile; fileRef = AC6603201F0344E900056585 /* NVLHaloMatch.m */; };
		AC6603241F03493E00056585 /* MatchFeedCell.m in Sources */ = {isa = PBXBuildFile; fileRef = AC6603231F03493E00056585 /* MatchFeedCell.m */; };
		AC6603281F034B9500056585 /* MatchDataSource.m in Sources */ = {isa = PBXBuildFile; fileRef = AC6603271F034B9500056585 /* MatchDataSource.m */; };
/* End PBXBuildFile section */

/* Begin PBXFileReference section */
		AC6602DA1F017E3A00056585 /* Exuberant.app */ = {isa = PBXFileReference; explicitFileType = wrapper.application; includeInIndex = 0; path = Exuberant.app; sourceTree = BUILT_PRODUCTS_DIR; };
		AC6602DE1F017E3A00056585 /* main.m */ = {isa = PBXFileReference; lastKnownFileType = sourcecode.c.objc; path = main.m; sourceTree = "<group>"; };
		AC6602E01F017E3A00056585 /* AppDelegate.h */ = {isa = PBXFileReference; lastKnownFileType = sourcecode.c.h; path = AppDelegate.h; sourceTree = "<group>"; };
		AC6602E11F017E3A00056585 /* AppDelegate.m */ = {isa = PBXFileReference; lastKnownFileType = sourcecode.c.objc; path = AppDelegate.m; sourceTree = "<group>"; };
		AC6602E31F017E3A00056585 /* InitialViewController.h */ = {isa = PBXFileReference; lastKnownFileType = sourcecode.c.h; path = InitialViewController.h; sourceTree = "<group>"; };
		AC6602E41F017E3A00056585 /* InitialViewController.m */ = {isa = PBXFileReference; lastKnownFileType = sourcecode.c.objc; path = InitialViewController.m; sourceTree = "<group>"; };
		AC6602E71F017E3A00056585 /* Base */ = {isa = PBXFileReference; lastKnownFileType = file.storyboard; name = Base; path = Base.lproj/Main.storyboard; sourceTree = "<group>"; };
		AC6602E91F017E3A00056585 /* Assets.xcassets */ = {isa = PBXFileReference; lastKnownFileType = folder.assetcatalog; path = Assets.xcassets; sourceTree = "<group>"; };
		AC6602EC1F017E3A00056585 /* Base */ = {isa = PBXFileReference; lastKnownFileType = file.storyboard; name = Base; path = Base.lproj/LaunchScreen.storyboard; sourceTree = "<group>"; };
		AC6602EE1F017E3A00056585 /* Info.plist */ = {isa = PBXFileReference; lastKnownFileType = text.plist.xml; path = Info.plist; sourceTree = "<group>"; };
		AC6602F51F01945A00056585 /* NVLHaloApi.h */ = {isa = PBXFileReference; fileEncoding = 4; lastKnownFileType = sourcecode.c.h; name = NVLHaloApi.h; path = Networking/NVLHaloApi.h; sourceTree = "<group>"; };
		AC6602F61F01945A00056585 /* NVLHaloApi.m */ = {isa = PBXFileReference; fileEncoding = 4; lastKnownFileType = sourcecode.c.objc; name = NVLHaloApi.m; path = Networking/NVLHaloApi.m; sourceTree = "<group>"; };
		AC6602F91F019B5D00056585 /* AFNetworking.framework */ = {isa = PBXFileReference; lastKnownFileType = wrapper.framework; name = AFNetworking.framework; path = Carthage/Build/iOS/AFNetworking.framework; sourceTree = "<group>"; };
		AC6602FD1F02100700056585 /* SetupViewController.h */ = {isa = PBXFileReference; fileEncoding = 4; lastKnownFileType = sourcecode.c.h; name = SetupViewController.h; path = Controllers/SetupViewController.h; sourceTree = "<group>"; };
		AC6602FE1F02100700056585 /* SetupViewController.m */ = {isa = PBXFileReference; fileEncoding = 4; lastKnownFileType = sourcecode.c.objc; name = SetupViewController.m; path = Controllers/SetupViewController.m; sourceTree = "<group>"; };
		AC6603011F02113A00056585 /* NVLGamertag.h */ = {isa = PBXFileReference; fileEncoding = 4; lastKnownFileType = sourcecode.c.h; name = NVLGamertag.h; path = Models/NVLGamertag.h; sourceTree = "<group>"; };
		AC6603021F02113A00056585 /* NVLGamertag.m */ = {isa = PBXFileReference; fileEncoding = 4; lastKnownFileType = sourcecode.c.objc; name = NVLGamertag.m; path = Models/NVLGamertag.m; sourceTree = "<group>"; };
		AC6603041F02C7F000056585 /* HomeViewController.h */ = {isa = PBXFileReference; fileEncoding = 4; lastKnownFileType = sourcecode.c.h; name = HomeViewController.h; path = Controllers/HomeViewController.h; sourceTree = "<group>"; };
		AC6603051F02C7F000056585 /* HomeViewController.m */ = {isa = PBXFileReference; fileEncoding = 4; lastKnownFileType = sourcecode.c.objc; name = HomeViewController.m; path = Controllers/HomeViewController.m; sourceTree = "<group>"; };
		AC6603071F02C84A00056585 /* ProfileViewController.h */ = {isa = PBXFileReference; fileEncoding = 4; lastKnownFileType = sourcecode.c.h; name = ProfileViewController.h; path = Controllers/ProfileViewController.h; sourceTree = "<group>"; };
		AC6603081F02C84A00056585 /* ProfileViewController.m */ = {isa = PBXFileReference; fileEncoding = 4; lastKnownFileType = sourcecode.c.objc; name = ProfileViewController.m; path = Controllers/ProfileViewController.m; sourceTree = "<group>"; };
		AC66030A1F02C87000056585 /* SearchViewController.h */ = {isa = PBXFileReference; fileEncoding = 4; lastKnownFileType = sourcecode.c.h; name = SearchViewController.h; path = Controllers/SearchViewController.h; sourceTree = "<group>"; };
		AC66030B1F02C87000056585 /* SearchViewController.m */ = {isa = PBXFileReference; fileEncoding = 4; lastKnownFileType = sourcecode.c.objc; name = SearchViewController.m; path = Controllers/SearchViewController.m; sourceTree = "<group>"; };
		AC66030D1F02CA0900056585 /* NVLXboxLiveAPI.h */ = {isa = PBXFileReference; fileEncoding = 4; lastKnownFileType = sourcecode.c.h; name = NVLXboxLiveAPI.h; path = Networking/NVLXboxLiveAPI.h; sourceTree = "<group>"; };
		AC66030E1F02CA0900056585 /* NVLXboxLiveAPI.m */ = {isa = PBXFileReference; fileEncoding = 4; lastKnownFileType = sourcecode.c.objc; name = NVLXboxLiveAPI.m; path = Networking/NVLXboxLiveAPI.m; sourceTree = "<group>"; };
		AC6603121F02F26200056585 /* HomeFeedDataSource.h */ = {isa = PBXFileReference; fileEncoding = 4; lastKnownFileType = sourcecode.c.h; name = HomeFeedDataSource.h; path = "Data Sources/HomeFeedDataSource.h"; sourceTree = "<group>"; };
		AC6603131F02F26200056585 /* HomeFeedDataSource.m */ = {isa = PBXFileReference; fileEncoding = 4; lastKnownFileType = sourcecode.c.objc; name = HomeFeedDataSource.m; path = "Data Sources/HomeFeedDataSource.m"; sourceTree = "<group>"; };
		AC6603151F02F27A00056585 /* GamerDataSource.h */ = {isa = PBXFileReference; fileEncoding = 4; lastKnownFileType = sourcecode.c.h; name = GamerDataSource.h; path = "Data Sources/GamerDataSource.h"; sourceTree = "<group>"; };
		AC6603161F02F27A00056585 /* GamerDataSource.m */ = {isa = PBXFileReference; fileEncoding = 4; lastKnownFileType = sourcecode.c.objc; name = GamerDataSource.m; path = "Data Sources/GamerDataSource.m"; sourceTree = "<group>"; };
		AC6603181F02F9AE00056585 /* MapDataSource.h */ = {isa = PBXFileReference; fileEncoding = 4; lastKnownFileType = sourcecode.c.h; path = MapDataSource.h; sourceTree = "<group>"; };
		AC6603191F02F9AE00056585 /* MapDataSource.m */ = {isa = PBXFileReference; fileEncoding = 4; lastKnownFileType = sourcecode.c.objc; path = MapDataSource.m; sourceTree = "<group>"; };
		AC66031B1F02FA0C00056585 /* NVLHaloMap.h */ = {isa = PBXFileReference; fileEncoding = 4; lastKnownFileType = sourcecode.c.h; name = NVLHaloMap.h; path = Models/NVLHaloMap.h; sourceTree = "<group>"; };
		AC66031C1F02FA0C00056585 /* NVLHaloMap.m */ = {isa = PBXFileReference; fileEncoding = 4; lastKnownFileType = sourcecode.c.objc; name = NVLHaloMap.m; path = Models/NVLHaloMap.m; sourceTree = "<group>"; };
		AC66031F1F0344E900056585 /* NVLHaloMatch.h */ = {isa = PBXFileReference; fileEncoding = 4; lastKnownFileType = sourcecode.c.h; name = NVLHaloMatch.h; path = Models/NVLHaloMatch.h; sourceTree = "<group>"; };
		AC6603201F0344E900056585 /* NVLHaloMatch.m */ = {isa = PBXFileReference; fileEncoding = 4; lastKnownFileType = sourcecode.c.objc; name = NVLHaloMatch.m; path = Models/NVLHaloMatch.m; sourceTree = "<group>"; };
		AC6603221F03493E00056585 /* MatchFeedCell.h */ = {isa = PBXFileReference; fileEncoding = 4; lastKnownFileType = sourcecode.c.h; name = MatchFeedCell.h; path = Views/MatchFeedCell.h; sourceTree = "<group>"; };
		AC6603231F03493E00056585 /* MatchFeedCell.m */ = {isa = PBXFileReference; fileEncoding = 4; lastKnownFileType = sourcecode.c.objc; name = MatchFeedCell.m; path = Views/MatchFeedCell.m; sourceTree = "<group>"; };
		AC6603261F034B9500056585 /* MatchDataSource.h */ = {isa = PBXFileReference; fileEncoding = 4; lastKnownFileType = sourcecode.c.h; path = MatchDataSource.h; sourceTree = "<group>"; };
		AC6603271F034B9500056585 /* MatchDataSource.m */ = {isa = PBXFileReference; fileEncoding = 4; lastKnownFileType = sourcecode.c.objc; path = MatchDataSource.m; sourceTree = "<group>"; };
/* End PBXFileReference section */

/* Begin PBXFrameworksBuildPhase section */
		AC6602D71F017E3A00056585 /* Frameworks */ = {
			isa = PBXFrameworksBuildPhase;
			buildActionMask = 2147483647;
			files = (
				AC6602FA1F019B5D00056585 /* AFNetworking.framework in Frameworks */,
			);
			runOnlyForDeploymentPostprocessing = 0;
		};
/* End PBXFrameworksBuildPhase section */

/* Begin PBXGroup section */
		AC6602D11F017E3A00056585 = {
			isa = PBXGroup;
			children = (
				AC6602DC1F017E3A00056585 /* Exuberant */,
				AC6602DB1F017E3A00056585 /* Products */,
				AC6602F81F019B5C00056585 /* Frameworks */,
			);
			sourceTree = "<group>";
		};
		AC6602DB1F017E3A00056585 /* Products */ = {
			isa = PBXGroup;
			children = (
				AC6602DA1F017E3A00056585 /* Exuberant.app */,
			);
			name = Products;
			sourceTree = "<group>";
		};
		AC6602DC1F017E3A00056585 /* Exuberant */ = {
			isa = PBXGroup;
			children = (
				AC66031E1F03125200056585 /* Views */,
				AC6603101F02F1FC00056585 /* Data Sources */,
				AC6603251F034B6E00056585 /* Mock Database Objects */,
				AC6603001F02112000056585 /* Models */,
				AC6602FC1F01AEE300056585 /* Controllers */,
				AC6602F41F01943100056585 /* Networking */,
				AC6602E01F017E3A00056585 /* AppDelegate.h */,
				AC6602E11F017E3A00056585 /* AppDelegate.m */,
				AC6602E61F017E3A00056585 /* Main.storyboard */,
				AC6602E91F017E3A00056585 /* Assets.xcassets */,
				AC6602EB1F017E3A00056585 /* LaunchScreen.storyboard */,
				AC6602EE1F017E3A00056585 /* Info.plist */,
				AC6602DD1F017E3A00056585 /* Supporting Files */,
			);
			path = Exuberant;
			sourceTree = "<group>";
		};
		AC6602DD1F017E3A00056585 /* Supporting Files */ = {
			isa = PBXGroup;
			children = (
				AC6602DE1F017E3A00056585 /* main.m */,
			);
			name = "Supporting Files";
			sourceTree = "<group>";
		};
		AC6602F41F01943100056585 /* Networking */ = {
			isa = PBXGroup;
			children = (
				AC6602F51F01945A00056585 /* NVLHaloApi.h */,
				AC6602F61F01945A00056585 /* NVLHaloApi.m */,
				AC66030D1F02CA0900056585 /* NVLXboxLiveAPI.h */,
				AC66030E1F02CA0900056585 /* NVLXboxLiveAPI.m */,
			);
			name = Networking;
			sourceTree = "<group>";
		};
		AC6602F81F019B5C00056585 /* Frameworks */ = {
			isa = PBXGroup;
			children = (
				AC6602F91F019B5D00056585 /* AFNetworking.framework */,
			);
			name = Frameworks;
			sourceTree = "<group>";
		};
		AC6602FC1F01AEE300056585 /* Controllers */ = {
			isa = PBXGroup;
			children = (
				AC6602E31F017E3A00056585 /* InitialViewController.h */,
				AC6602E41F017E3A00056585 /* InitialViewController.m */,
				AC6602FD1F02100700056585 /* SetupViewController.h */,
				AC6602FE1F02100700056585 /* SetupViewController.m */,
				AC6603041F02C7F000056585 /* HomeViewController.h */,
				AC6603051F02C7F000056585 /* HomeViewController.m */,
				AC6603071F02C84A00056585 /* ProfileViewController.h */,
				AC6603081F02C84A00056585 /* ProfileViewController.m */,
				AC66030A1F02C87000056585 /* SearchViewController.h */,
				AC66030B1F02C87000056585 /* SearchViewController.m */,
			);
			name = Controllers;
			sourceTree = "<group>";
		};
		AC6603001F02112000056585 /* Models */ = {
			isa = PBXGroup;
			children = (
				AC6603011F02113A00056585 /* NVLGamertag.h */,
				AC6603021F02113A00056585 /* NVLGamertag.m */,
				AC66031B1F02FA0C00056585 /* NVLHaloMap.h */,
				AC66031C1F02FA0C00056585 /* NVLHaloMap.m */,
				AC66031F1F0344E900056585 /* NVLHaloMatch.h */,
				AC6603201F0344E900056585 /* NVLHaloMatch.m */,
			);
			name = Models;
			sourceTree = "<group>";
		};
		AC6603101F02F1FC00056585 /* Data Sources */ = {
			isa = PBXGroup;
			children = (
				AC6603121F02F26200056585 /* HomeFeedDataSource.h */,
				AC6603131F02F26200056585 /* HomeFeedDataSource.m */,
			);
			name = "Data Sources";
			sourceTree = "<group>";
		};
		AC66031E1F03125200056585 /* Views */ = {
			isa = PBXGroup;
			children = (
				AC6603221F03493E00056585 /* MatchFeedCell.h */,
				AC6603231F03493E00056585 /* MatchFeedCell.m */,
			);
			name = Views;
			sourceTree = "<group>";
		};
		AC6603251F034B6E00056585 /* Mock Database Objects */ = {
			isa = PBXGroup;
			children = (
				AC6603151F02F27A00056585 /* GamerDataSource.h */,
				AC6603161F02F27A00056585 /* GamerDataSource.m */,
				AC6603181F02F9AE00056585 /* MapDataSource.h */,
				AC6603191F02F9AE00056585 /* MapDataSource.m */,
				AC6603261F034B9500056585 /* MatchDataSource.h */,
				AC6603271F034B9500056585 /* MatchDataSource.m */,
			);
			name = "Mock Database Objects";
			sourceTree = "<group>";
		};
/* End PBXGroup section */

/* Begin PBXNativeTarget section */
		AC6602D91F017E3A00056585 /* Exuberant */ = {
			isa = PBXNativeTarget;
			buildConfigurationList = AC6602F11F017E3A00056585 /* Build configuration list for PBXNativeTarget "Exuberant" */;
			buildPhases = (
				AC6602D61F017E3A00056585 /* Sources */,
				AC6602D71F017E3A00056585 /* Frameworks */,
				AC6602D81F017E3A00056585 /* Resources */,
				AC6602FB1F019B7600056585 /* ShellScript */,
			);
			buildRules = (
			);
			dependencies = (
			);
			name = Exuberant;
			productName = Exuberant;
			productReference = AC6602DA1F017E3A00056585 /* Exuberant.app */;
			productType = "com.apple.product-type.application";
		};
/* End PBXNativeTarget section */

/* Begin PBXProject section */
		AC6602D21F017E3A00056585 /* Project object */ = {
			isa = PBXProject;
			attributes = {
				LastUpgradeCheck = 0830;
				ORGANIZATIONNAME = "TJ Barber";
				TargetAttributes = {
					AC6602D91F017E3A00056585 = {
						CreatedOnToolsVersion = 8.3.3;
						DevelopmentTeam = 42DJD2F3FM;
						ProvisioningStyle = Automatic;
					};
				};
			};
			buildConfigurationList = AC6602D51F017E3A00056585 /* Build configuration list for PBXProject "Exuberant" */;
			compatibilityVersion = "Xcode 3.2";
			developmentRegion = English;
			hasScannedForEncodings = 0;
			knownRegions = (
				en,
				Base,
			);
			mainGroup = AC6602D11F017E3A00056585;
			productRefGroup = AC6602DB1F017E3A00056585 /* Products */;
			projectDirPath = "";
			projectRoot = "";
			targets = (
				AC6602D91F017E3A00056585 /* Exuberant */,
			);
		};
/* End PBXProject section */

/* Begin PBXResourcesBuildPhase section */
		AC6602D81F017E3A00056585 /* Resources */ = {
			isa = PBXResourcesBuildPhase;
			buildActionMask = 2147483647;
			files = (
				AC6602ED1F017E3A00056585 /* LaunchScreen.storyboard in Resources */,
				AC6602EA1F017E3A00056585 /* Assets.xcassets in Resources */,
				AC6602E81F017E3A00056585 /* Main.storyboard in Resources */,
			);
			runOnlyForDeploymentPostprocessing = 0;
		};
/* End PBXResourcesBuildPhase section */

/* Begin PBXShellScriptBuildPhase section */
		AC6602FB1F019B7600056585 /* ShellScript */ = {
			isa = PBXShellScriptBuildPhase;
			buildActionMask = 2147483647;
			files = (
			);
			inputPaths = (
				Carthage/Build/iOS/AFNetworking.framework,
			);
			outputPaths = (
			);
			runOnlyForDeploymentPostprocessing = 0;
			shellPath = /bin/sh;
			shellScript = "/usr/local/bin/carthage copy-frameworks";
		};
/* End PBXShellScriptBuildPhase section */

/* Begin PBXSourcesBuildPhase section */
		AC6602D61F017E3A00056585 /* Sources */ = {
			isa = PBXSourcesBuildPhase;
			buildActionMask = 2147483647;
			files = (
				AC6602E51F017E3A00056585 /* InitialViewController.m in Sources */,
				AC6603211F0344E900056585 /* NVLHaloMatch.m in Sources */,
				AC6602F71F01945A00056585 /* NVLHaloApi.m in Sources */,
				AC6603091F02C84A00056585 /* ProfileViewController.m in Sources */,
				AC6603281F034B9500056585 /* MatchDataSource.m in Sources */,
				AC6603171F02F27A00056585 /* GamerDataSource.m in Sources */,
				AC6603061F02C7F000056585 /* HomeViewController.m in Sources */,
				AC6603141F02F26200056585 /* HomeFeedDataSource.m in Sources */,
				AC66030F1F02CA0900056585 /* NVLXboxLiveAPI.m in Sources */,
				AC66030C1F02C87000056585 /* SearchViewController.m in Sources */,
				AC6602E21F017E3A00056585 /* AppDelegate.m in Sources */,
				AC6602FF1F02100700056585 /* SetupViewController.m in Sources */,
				AC6603241F03493E00056585 /* MatchFeedCell.m in Sources */,
				AC6602DF1F017E3A00056585 /* main.m in Sources */,
				AC66031D1F02FA0C00056585 /* NVLHaloMap.m in Sources */,
				AC66031A1F02F9AF00056585 /* MapDataSource.m in Sources */,
				AC6603031F02113A00056585 /* NVLGamertag.m in Sources */,
			);
			runOnlyForDeploymentPostprocessing = 0;
		};
/* End PBXSourcesBuildPhase section */

/* Begin PBXVariantGroup section */
		AC6602E61F017E3A00056585 /* Main.storyboard */ = {
			isa = PBXVariantGroup;
			children = (
				AC6602E71F017E3A00056585 /* Base */,
			);
			name = Main.storyboard;
			sourceTree = "<group>";
		};
		AC6602EB1F017E3A00056585 /* LaunchScreen.storyboard */ = {
			isa = PBXVariantGroup;
			children = (
				AC6602EC1F017E3A00056585 /* Base */,
			);
			name = LaunchScreen.storyboard;
			sourceTree = "<group>";
		};
/* End PBXVariantGroup section */

/* Begin XCBuildConfiguration section */
		AC6602EF1F017E3A00056585 /* Debug */ = {
			isa = XCBuildConfiguration;
			buildSettings = {
				ALWAYS_SEARCH_USER_PATHS = NO;
				CLANG_ANALYZER_NONNULL = YES;
				CLANG_ANALYZER_NUMBER_OBJECT_CONVERSION = YES_AGGRESSIVE;
				CLANG_CXX_LANGUAGE_STANDARD = "gnu++0x";
				CLANG_CXX_LIBRARY = "libc++";
				CLANG_ENABLE_MODULES = YES;
				CLANG_ENABLE_OBJC_ARC = YES;
				CLANG_WARN_BOOL_CONVERSION = YES;
				CLANG_WARN_CONSTANT_CONVERSION = YES;
				CLANG_WARN_DIRECT_OBJC_ISA_USAGE = YES_ERROR;
				CLANG_WARN_DOCUMENTATION_COMMENTS = YES;
				CLANG_WARN_EMPTY_BODY = YES;
				CLANG_WARN_ENUM_CONVERSION = YES;
				CLANG_WARN_INFINITE_RECURSION = YES;
				CLANG_WARN_INT_CONVERSION = YES;
				CLANG_WARN_OBJC_ROOT_CLASS = YES_ERROR;
				CLANG_WARN_SUSPICIOUS_MOVE = YES;
				CLANG_WARN_UNREACHABLE_CODE = YES;
				CLANG_WARN__DUPLICATE_METHOD_MATCH = YES;
				"CODE_SIGN_IDENTITY[sdk=iphoneos*]" = "iPhone Developer";
				COPY_PHASE_STRIP = NO;
				DEBUG_INFORMATION_FORMAT = dwarf;
				ENABLE_STRICT_OBJC_MSGSEND = YES;
				ENABLE_TESTABILITY = YES;
				GCC_C_LANGUAGE_STANDARD = gnu99;
				GCC_DYNAMIC_NO_PIC = NO;
				GCC_NO_COMMON_BLOCKS = YES;
				GCC_OPTIMIZATION_LEVEL = 0;
				GCC_PREPROCESSOR_DEFINITIONS = (
					"DEBUG=1",
					"$(inherited)",
				);
				GCC_WARN_64_TO_32_BIT_CONVERSION = YES;
				GCC_WARN_ABOUT_RETURN_TYPE = YES_ERROR;
				GCC_WARN_UNDECLARED_SELECTOR = YES;
				GCC_WARN_UNINITIALIZED_AUTOS = YES_AGGRESSIVE;
				GCC_WARN_UNUSED_FUNCTION = YES;
				GCC_WARN_UNUSED_VARIABLE = YES;
				IPHONEOS_DEPLOYMENT_TARGET = 10.3;
				MTL_ENABLE_DEBUG_INFO = YES;
				ONLY_ACTIVE_ARCH = YES;
				SDKROOT = iphoneos;
			};
			name = Debug;
		};
		AC6602F01F017E3A00056585 /* Release */ = {
			isa = XCBuildConfiguration;
			buildSettings = {
				ALWAYS_SEARCH_USER_PATHS = NO;
				CLANG_ANALYZER_NONNULL = YES;
				CLANG_ANALYZER_NUMBER_OBJECT_CONVERSION = YES_AGGRESSIVE;
				CLANG_CXX_LANGUAGE_STANDARD = "gnu++0x";
				CLANG_CXX_LIBRARY = "libc++";
				CLANG_ENABLE_MODULES = YES;
				CLANG_ENABLE_OBJC_ARC = YES;
				CLANG_WARN_BOOL_CONVERSION = YES;
				CLANG_WARN_CONSTANT_CONVERSION = YES;
				CLANG_WARN_DIRECT_OBJC_ISA_USAGE = YES_ERROR;
				CLANG_WARN_DOCUMENTATION_COMMENTS = YES;
				CLANG_WARN_EMPTY_BODY = YES;
				CLANG_WARN_ENUM_CONVERSION = YES;
				CLANG_WARN_INFINITE_RECURSION = YES;
				CLANG_WARN_INT_CONVERSION = YES;
				CLANG_WARN_OBJC_ROOT_CLASS = YES_ERROR;
				CLANG_WARN_SUSPICIOUS_MOVE = YES;
				CLANG_WARN_UNREACHABLE_CODE = YES;
				CLANG_WARN__DUPLICATE_METHOD_MATCH = YES;
				"CODE_SIGN_IDENTITY[sdk=iphoneos*]" = "iPhone Developer";
				COPY_PHASE_STRIP = NO;
				DEBUG_INFORMATION_FORMAT = "dwarf-with-dsym";
				ENABLE_NS_ASSERTIONS = NO;
				ENABLE_STRICT_OBJC_MSGSEND = YES;
				GCC_C_LANGUAGE_STANDARD = gnu99;
				GCC_NO_COMMON_BLOCKS = YES;
				GCC_WARN_64_TO_32_BIT_CONVERSION = YES;
				GCC_WARN_ABOUT_RETURN_TYPE = YES_ERROR;
				GCC_WARN_UNDECLARED_SELECTOR = YES;
				GCC_WARN_UNINITIALIZED_AUTOS = YES_AGGRESSIVE;
				GCC_WARN_UNUSED_FUNCTION = YES;
				GCC_WARN_UNUSED_VARIABLE = YES;
				IPHONEOS_DEPLOYMENT_TARGET = 10.3;
				MTL_ENABLE_DEBUG_INFO = NO;
				SDKROOT = iphoneos;
				VALIDATE_PRODUCT = YES;
			};
			name = Release;
		};
		AC6602F21F017E3A00056585 /* Debug */ = {
			isa = XCBuildConfiguration;
			buildSettings = {
				ASSETCATALOG_COMPILER_APPICON_NAME = AppIcon;
				DEVELOPMENT_TEAM = 42DJD2F3FM;
				FRAMEWORK_SEARCH_PATHS = (
					"$(inherited)",
					"$(PROJECT_DIR)/Carthage/Build/iOS",
				);
				INFOPLIST_FILE = Exuberant/Info.plist;
				LD_RUNPATH_SEARCH_PATHS = "$(inherited) @executable_path/Frameworks";
				PRODUCT_BUNDLE_IDENTIFIER = torpedoskyline.Exuberant;
				PRODUCT_NAME = "$(TARGET_NAME)";
			};
			name = Debug;
		};
		AC6602F31F017E3A00056585 /* Release */ = {
			isa = XCBuildConfiguration;
			buildSettings = {
				ASSETCATALOG_COMPILER_APPICON_NAME = AppIcon;
				DEVELOPMENT_TEAM = 42DJD2F3FM;
				FRAMEWORK_SEARCH_PATHS = (
					"$(inherited)",
					"$(PROJECT_DIR)/Carthage/Build/iOS",
				);
				INFOPLIST_FILE = Exuberant/Info.plist;
				LD_RUNPATH_SEARCH_PATHS = "$(inherited) @executable_path/Frameworks";
				PRODUCT_BUNDLE_IDENTIFIER = torpedoskyline.Exuberant;
				PRODUCT_NAME = "$(TARGET_NAME)";
			};
			name = Release;
		};
/* End XCBuildConfiguration section */

/* Begin XCConfigurationList section */
		AC6602D51F017E3A00056585 /* Build configuration list for PBXProject "Exuberant" */ = {
			isa = XCConfigurationList;
			buildConfigurations = (
				AC6602EF1F017E3A00056585 /* Debug */,
				AC6602F01F017E3A00056585 /* Release */,
			);
			defaultConfigurationIsVisible = 0;
			defaultConfigurationName = Release;
		};
		AC6602F11F017E3A00056585 /* Build configuration list for PBXNativeTarget "Exuberant" */ = {
			isa = XCConfigurationList;
			buildConfigurations = (
				AC6602F21F017E3A00056585 /* Debug */,
				AC6602F31F017E3A00056585 /* Release */,
			);
			defaultConfigurationIsVisible = 0;
		};
/* End XCConfigurationList section */
	};
	rootObject = AC6602D21F017E3A00056585 /* Project object */;
}
